
Microsoft Visual Studio Solution File, Format Version 12.00
# Visual Studio Version 17
VisualStudioVersion = 17.2.32616.157
MinimumVisualStudioVersion = 10.0.40219.1
Project("{9A19103F-16F7-4668-BE54-9A1E7A4F7556}") = "TextRPG", "TextRPG\TextRPG.csproj", "{152D7A93-BA1A-4115-8E27-ED787D9D6671}"
EndProject
Project("{9A19103F-16F7-4668-BE54-9A1E7A4F7556}") = "TextRPG.Tests", "TextRPG.Tests\TextRPG.Tests.csproj", "{A5AD0C38-1BEF-4881-81AE-26789B290680}"
EndProject
Global
	GlobalSection(SolutionConfigurationPlatforms) = preSolution
		Debug|Any CPU = Debug|Any CPU
		Release|Any CPU = Release|Any CPU
	EndGlobalSection
	GlobalSection(ProjectConfigurationPlatforms) = postSolution
		{152D7A93-BA1A-4115-8E27-ED787D9D6671}.Debug|Any CPU.ActiveCfg = Debug|Any CPU
		{152D7A93-BA1A-4115-8E27-ED787D9D6671}.Debug|Any CPU.Build.0 = Debug|Any CPU
		{152D7A93-BA1A-4115-8E27-ED787D9D6671}.Release|Any CPU.ActiveCfg = Release|Any CPU
		{152D7A93-BA1A-4115-8E27-ED787D9D6671}.Release|Any CPU.Build.0 = Release|Any CPU
		{A5AD0C38-1BEF-4881-81AE-26789B290680}.Debug|Any CPU.ActiveCfg = Debug|Any CPU
		{A5AD0C38-1BEF-4881-81AE-26789B290680}.Debug|Any CPU.Build.0 = Debug|Any CPU
		{A5AD0C38-1BEF-4881-81AE-26789B290680}.Release|Any CPU.ActiveCfg = Release|Any CPU
		{A5AD0C38-1BEF-4881-81AE-26789B290680}.Release|Any CPU.Build.0 = Release|Any CPU
	EndGlobalSection
	GlobalSection(SolutionProperties) = preSolution
		HideSolutionNode = FALSE
	EndGlobalSection
	GlobalSection(ExtensibilityGlobals) = postSolution
		SolutionGuid = {35E215EF-AB3B-4366-8408-8846DED7F742}
	EndGlobalSection
EndGlobal
